# This file is generated by running "yarn install" inside your project.
# Manual changes might be lost - proceed with caution!

__metadata:
  version: 8
  cacheKey: 10c0

"@icure/cardinal-prescription-be-angular@workspace:.":
  version: 0.0.0-use.local
  resolution: "@icure/cardinal-prescription-be-angular@workspace:."
  dependencies:
    tslib: "npm:^2.3.0"
  peerDependencies:
    "@angular/common": ">=13.0.0"
    "@angular/core": ">=13.0.0"
    "@angular/forms": ">=13.0.0"
    "@angular/router": ">=13.0.0"
    "@icure/be-fhc-lite-api": 0.6.6
    "@icure/cardinal-be-sam-sdk": ^0.0.1
    "@icure/medication-sdk": 0.0.22
    jsbarcode: ^3.11.6
    rxjs: ^7.0.0
    uuid: ^11.0.0
  languageName: unknown
  linkType: soft

"tslib@npm:^2.3.0":
  version: 2.8.1
  resolution: "tslib@npm:2.8.1"
  checksum: 10c0/9c4759110a19c53f992d9aae23aac5ced636e99887b51b9e61def52611732872ff7668757d4e4c61f19691e36f4da981cd9485e869b4a7408d689f6bf1f14e62
  languageName: node
  linkType: hard
